{
  "meteor": {},
  "dependencies": {
    "basePackages": {
      "timmyg:meteor-nouislider": {
        "git": "https://github.com/timmyg/meteor-noUiSlider",
        "branch": "master"
      },
      "egtann:meteor-pagination": {
        "path": "packages/meteor-pagination"
      }
    },
    "packages": {
      "timmyg:meteor-nouislider": {
        "git": "https://github.com/timmyg/meteor-noUiSlider",
        "branch": "master",
        "commit": "949109729dfdedef35f3274801475ac0d3c13839"
      },
      "egtann:meteor-pagination": {
        "path": "packages/meteor-pagination"
      }
    }
  }
}
